// !$*UTF8*$!
{
	archiveVersion = 1;
	classes = {
	};
	objectVersion = 50;
	objects = {

/* Begin PBXBuildFile section */
		1E78660525B4762000279898 /* EmptyResultsView.swift in Sources */ = {isa = PBXBuildFile; fileRef = 1E78660425B4762000279898 /* EmptyResultsView.swift */; };
		1E78660A25B4A16500279898 /* ImageCache.swift in Sources */ = {isa = PBXBuildFile; fileRef = 1E78660925B4A16500279898 /* ImageCache.swift */; };
		1E78661A25B70E6D00279898 /* UserDetailView.swift in Sources */ = {isa = PBXBuildFile; fileRef = 1E78661925B70E6D00279898 /* UserDetailView.swift */; };
		1E78662B25B7837A00279898 /* Repository.swift in Sources */ = {isa = PBXBuildFile; fileRef = 1E78662A25B7837A00279898 /* Repository.swift */; };
		1E78663025B9808D00279898 /* InformationView.swift in Sources */ = {isa = PBXBuildFile; fileRef = 1E78662F25B9808D00279898 /* InformationView.swift */; };
		1E78663525B9A0A400279898 /* Int+AbbreviationValue.swift in Sources */ = {isa = PBXBuildFile; fileRef = 1E78663425B9A0A400279898 /* Int+AbbreviationValue.swift */; };
		1E78663A25B9A12E00279898 /* NSMutableAttributedString+Append.swift in Sources */ = {isa = PBXBuildFile; fileRef = 1E78663925B9A12E00279898 /* NSMutableAttributedString+Append.swift */; };
		1E78663F25B9BEA400279898 /* SFSymbols.swift in Sources */ = {isa = PBXBuildFile; fileRef = 1E78663E25B9BEA400279898 /* SFSymbols.swift */; };
		1E78665C25BAF8A600279898 /* RepositoryCellConfiguration.swift in Sources */ = {isa = PBXBuildFile; fileRef = 1E78665B25BAF8A600279898 /* RepositoryCellConfiguration.swift */; };
		1E78668225BC888700279898 /* UIViewController+ActivityIndicator.swift in Sources */ = {isa = PBXBuildFile; fileRef = 1E78668125BC888700279898 /* UIViewController+ActivityIndicator.swift */; };
		1E81D68C25AF4F9D00E15E31 /* SearchView.swift in Sources */ = {isa = PBXBuildFile; fileRef = 1E81D68B25AF4F9D00E15E31 /* SearchView.swift */; };
		1E81D69925AF5BB700E15E31 /* GSTextField.swift in Sources */ = {isa = PBXBuildFile; fileRef = 1E81D69825AF5BB700E15E31 /* GSTextField.swift */; };
		1E81D69E25AF5DA100E15E31 /* GSSearchButton.swift in Sources */ = {isa = PBXBuildFile; fileRef = 1E81D69D25AF5DA100E15E31 /* GSSearchButton.swift */; };
		1E81D6A925AF998400E15E31 /* SearchResultsViewController.swift in Sources */ = {isa = PBXBuildFile; fileRef = 1E81D6A825AF998400E15E31 /* SearchResultsViewController.swift */; };
		1E81D6BB25B0611400E15E31 /* User.swift in Sources */ = {isa = PBXBuildFile; fileRef = 1E81D6BA25B0611400E15E31 /* User.swift */; };
		1E81D6C325B0678000E15E31 /* UserCellConfiguration.swift in Sources */ = {isa = PBXBuildFile; fileRef = 1E81D6C225B0678000E15E31 /* UserCellConfiguration.swift */; };
		1E81D6E425B0B5E100E15E31 /* UIImage+RoundedImage.swift in Sources */ = {isa = PBXBuildFile; fileRef = 1E81D6E325B0B5E100E15E31 /* UIImage+RoundedImage.swift */; };
		1E81D6EF25B0B65B00E15E31 /* UserDetailViewController.swift in Sources */ = {isa = PBXBuildFile; fileRef = 1E81D6EE25B0B65B00E15E31 /* UserDetailViewController.swift */; };
		1E81D70125B19B7100E15E31 /* DataLoader.swift in Sources */ = {isa = PBXBuildFile; fileRef = 1E81D70025B19B7100E15E31 /* DataLoader.swift */; };
		1EF379CE25AF37B5005563B6 /* AppDelegate.swift in Sources */ = {isa = PBXBuildFile; fileRef = 1EF379CD25AF37B5005563B6 /* AppDelegate.swift */; };
		1EF379D025AF37B5005563B6 /* SceneDelegate.swift in Sources */ = {isa = PBXBuildFile; fileRef = 1EF379CF25AF37B5005563B6 /* SceneDelegate.swift */; };
		1EF379D225AF37B5005563B6 /* SearchViewController.swift in Sources */ = {isa = PBXBuildFile; fileRef = 1EF379D125AF37B5005563B6 /* SearchViewController.swift */; };
		1EF379D725AF37B7005563B6 /* Assets.xcassets in Resources */ = {isa = PBXBuildFile; fileRef = 1EF379D625AF37B7005563B6 /* Assets.xcassets */; };
		1EF379DA25AF37B7005563B6 /* LaunchScreen.storyboard in Resources */ = {isa = PBXBuildFile; fileRef = 1EF379D825AF37B7005563B6 /* LaunchScreen.storyboard */; };
		1EF379E525AF37B7005563B6 /* GitHubSearchTests.swift in Sources */ = {isa = PBXBuildFile; fileRef = 1EF379E425AF37B7005563B6 /* GitHubSearchTests.swift */; };
		1EF379F025AF37B7005563B6 /* GitHubSearchUITests.swift in Sources */ = {isa = PBXBuildFile; fileRef = 1EF379EF25AF37B7005563B6 /* GitHubSearchUITests.swift */; };
		1EF37A0425AF3DF1005563B6 /* Coordinator.swift in Sources */ = {isa = PBXBuildFile; fileRef = 1EF37A0325AF3DF1005563B6 /* Coordinator.swift */; };
		1EF37A0C25AF4309005563B6 /* MainCoordinator.swift in Sources */ = {isa = PBXBuildFile; fileRef = 1EF37A0B25AF4309005563B6 /* MainCoordinator.swift */; };
/* End PBXBuildFile section */

/* Begin PBXContainerItemProxy section */
		1EF379E125AF37B7005563B6 /* PBXContainerItemProxy */ = {
			isa = PBXContainerItemProxy;
			containerPortal = 1EF379C225AF37B5005563B6 /* Project object */;
			proxyType = 1;
			remoteGlobalIDString = 1EF379C925AF37B5005563B6;
			remoteInfo = GitHubSearch;
		};
		1EF379EC25AF37B7005563B6 /* PBXContainerItemProxy */ = {
			isa = PBXContainerItemProxy;
			containerPortal = 1EF379C225AF37B5005563B6 /* Project object */;
			proxyType = 1;
			remoteGlobalIDString = 1EF379C925AF37B5005563B6;
			remoteInfo = GitHubSearch;
		};
/* End PBXContainerItemProxy section */

/* Begin PBXFileReference section */
		1E78660425B4762000279898 /* EmptyResultsView.swift */ = {isa = PBXFileReference; lastKnownFileType = sourcecode.swift; path = EmptyResultsView.swift; sourceTree = "<group>"; };
		1E78660925B4A16500279898 /* ImageCache.swift */ = {isa = PBXFileReference; lastKnownFileType = sourcecode.swift; path = ImageCache.swift; sourceTree = "<group>"; };
		1E78661925B70E6D00279898 /* UserDetailView.swift */ = {isa = PBXFileReference; lastKnownFileType = sourcecode.swift; path = UserDetailView.swift; sourceTree = "<group>"; };
		1E78662A25B7837A00279898 /* Repository.swift */ = {isa = PBXFileReference; lastKnownFileType = sourcecode.swift; path = Repository.swift; sourceTree = "<group>"; };
		1E78662F25B9808D00279898 /* InformationView.swift */ = {isa = PBXFileReference; lastKnownFileType = sourcecode.swift; path = InformationView.swift; sourceTree = "<group>"; };
		1E78663425B9A0A400279898 /* Int+AbbreviationValue.swift */ = {isa = PBXFileReference; lastKnownFileType = sourcecode.swift; path = "Int+AbbreviationValue.swift"; sourceTree = "<group>"; };
		1E78663925B9A12E00279898 /* NSMutableAttributedString+Append.swift */ = {isa = PBXFileReference; lastKnownFileType = sourcecode.swift; path = "NSMutableAttributedString+Append.swift"; sourceTree = "<group>"; };
		1E78663E25B9BEA400279898 /* SFSymbols.swift */ = {isa = PBXFileReference; lastKnownFileType = sourcecode.swift; path = SFSymbols.swift; sourceTree = "<group>"; };
		1E78665B25BAF8A600279898 /* RepositoryCellConfiguration.swift */ = {isa = PBXFileReference; lastKnownFileType = sourcecode.swift; path = RepositoryCellConfiguration.swift; sourceTree = "<group>"; };
		1E78668125BC888700279898 /* UIViewController+ActivityIndicator.swift */ = {isa = PBXFileReference; lastKnownFileType = sourcecode.swift; path = "UIViewController+ActivityIndicator.swift"; sourceTree = "<group>"; };
		1E81D68B25AF4F9D00E15E31 /* SearchView.swift */ = {isa = PBXFileReference; lastKnownFileType = sourcecode.swift; path = SearchView.swift; sourceTree = "<group>"; };
		1E81D69825AF5BB700E15E31 /* GSTextField.swift */ = {isa = PBXFileReference; lastKnownFileType = sourcecode.swift; path = GSTextField.swift; sourceTree = "<group>"; };
		1E81D69D25AF5DA100E15E31 /* GSSearchButton.swift */ = {isa = PBXFileReference; lastKnownFileType = sourcecode.swift; path = GSSearchButton.swift; sourceTree = "<group>"; };
		1E81D6A825AF998400E15E31 /* SearchResultsViewController.swift */ = {isa = PBXFileReference; lastKnownFileType = sourcecode.swift; path = SearchResultsViewController.swift; sourceTree = "<group>"; };
		1E81D6BA25B0611400E15E31 /* User.swift */ = {isa = PBXFileReference; lastKnownFileType = sourcecode.swift; path = User.swift; sourceTree = "<group>"; };
		1E81D6C225B0678000E15E31 /* UserCellConfiguration.swift */ = {isa = PBXFileReference; lastKnownFileType = sourcecode.swift; path = UserCellConfiguration.swift; sourceTree = "<group>"; };
		1E81D6E325B0B5E100E15E31 /* UIImage+RoundedImage.swift */ = {isa = PBXFileReference; lastKnownFileType = sourcecode.swift; path = "UIImage+RoundedImage.swift"; sourceTree = "<group>"; };
		1E81D6EE25B0B65B00E15E31 /* UserDetailViewController.swift */ = {isa = PBXFileReference; lastKnownFileType = sourcecode.swift; path = UserDetailViewController.swift; sourceTree = "<group>"; };
		1E81D70025B19B7100E15E31 /* DataLoader.swift */ = {isa = PBXFileReference; lastKnownFileType = sourcecode.swift; path = DataLoader.swift; sourceTree = "<group>"; };
		1EF379CA25AF37B5005563B6 /* GitHubSearch.app */ = {isa = PBXFileReference; explicitFileType = wrapper.application; includeInIndex = 0; path = GitHubSearch.app; sourceTree = BUILT_PRODUCTS_DIR; };
		1EF379CD25AF37B5005563B6 /* AppDelegate.swift */ = {isa = PBXFileReference; lastKnownFileType = sourcecode.swift; path = AppDelegate.swift; sourceTree = "<group>"; };
		1EF379CF25AF37B5005563B6 /* SceneDelegate.swift */ = {isa = PBXFileReference; lastKnownFileType = sourcecode.swift; path = SceneDelegate.swift; sourceTree = "<group>"; };
		1EF379D125AF37B5005563B6 /* SearchViewController.swift */ = {isa = PBXFileReference; lastKnownFileType = sourcecode.swift; path = SearchViewController.swift; sourceTree = "<group>"; };
		1EF379D625AF37B7005563B6 /* Assets.xcassets */ = {isa = PBXFileReference; lastKnownFileType = folder.assetcatalog; path = Assets.xcassets; sourceTree = "<group>"; };
		1EF379D925AF37B7005563B6 /* Base */ = {isa = PBXFileReference; lastKnownFileType = file.storyboard; name = Base; path = Base.lproj/LaunchScreen.storyboard; sourceTree = "<group>"; };
		1EF379DB25AF37B7005563B6 /* Info.plist */ = {isa = PBXFileReference; lastKnownFileType = text.plist.xml; path = Info.plist; sourceTree = "<group>"; };
		1EF379E025AF37B7005563B6 /* GitHubSearchTests.xctest */ = {isa = PBXFileReference; explicitFileType = wrapper.cfbundle; includeInIndex = 0; path = GitHubSearchTests.xctest; sourceTree = BUILT_PRODUCTS_DIR; };
		1EF379E425AF37B7005563B6 /* GitHubSearchTests.swift */ = {isa = PBXFileReference; lastKnownFileType = sourcecode.swift; path = GitHubSearchTests.swift; sourceTree = "<group>"; };
		1EF379E625AF37B7005563B6 /* Info.plist */ = {isa = PBXFileReference; lastKnownFileType = text.plist.xml; path = Info.plist; sourceTree = "<group>"; };
		1EF379EB25AF37B7005563B6 /* GitHubSearchUITests.xctest */ = {isa = PBXFileReference; explicitFileType = wrapper.cfbundle; includeInIndex = 0; path = GitHubSearchUITests.xctest; sourceTree = BUILT_PRODUCTS_DIR; };
		1EF379EF25AF37B7005563B6 /* GitHubSearchUITests.swift */ = {isa = PBXFileReference; lastKnownFileType = sourcecode.swift; path = GitHubSearchUITests.swift; sourceTree = "<group>"; };
		1EF379F125AF37B7005563B6 /* Info.plist */ = {isa = PBXFileReference; lastKnownFileType = text.plist.xml; path = Info.plist; sourceTree = "<group>"; };
		1EF37A0325AF3DF1005563B6 /* Coordinator.swift */ = {isa = PBXFileReference; lastKnownFileType = sourcecode.swift; path = Coordinator.swift; sourceTree = "<group>"; };
		1EF37A0B25AF4309005563B6 /* MainCoordinator.swift */ = {isa = PBXFileReference; lastKnownFileType = sourcecode.swift; path = MainCoordinator.swift; sourceTree = "<group>"; };
/* End PBXFileReference section */

/* Begin PBXFrameworksBuildPhase section */
		1EF379C725AF37B5005563B6 /* Frameworks */ = {
			isa = PBXFrameworksBuildPhase;
			buildActionMask = 2147483647;
			files = (
			);
			runOnlyForDeploymentPostprocessing = 0;
		};
		1EF379DD25AF37B7005563B6 /* Frameworks */ = {
			isa = PBXFrameworksBuildPhase;
			buildActionMask = 2147483647;
			files = (
			);
			runOnlyForDeploymentPostprocessing = 0;
		};
		1EF379E825AF37B7005563B6 /* Frameworks */ = {
			isa = PBXFrameworksBuildPhase;
			buildActionMask = 2147483647;
			files = (
			);
			runOnlyForDeploymentPostprocessing = 0;
		};
/* End PBXFrameworksBuildPhase section */

/* Begin PBXGroup section */
		1EF379C125AF37B5005563B6 = {
			isa = PBXGroup;
			children = (
				1EF379CC25AF37B5005563B6 /* GitHubSearch */,
				1EF379E325AF37B7005563B6 /* GitHubSearchTests */,
				1EF379EE25AF37B7005563B6 /* GitHubSearchUITests */,
				1EF379CB25AF37B5005563B6 /* Products */,
			);
			sourceTree = "<group>";
		};
		1EF379CB25AF37B5005563B6 /* Products */ = {
			isa = PBXGroup;
			children = (
				1EF379CA25AF37B5005563B6 /* GitHubSearch.app */,
				1EF379E025AF37B7005563B6 /* GitHubSearchTests.xctest */,
				1EF379EB25AF37B7005563B6 /* GitHubSearchUITests.xctest */,
			);
			name = Products;
			sourceTree = "<group>";
		};
		1EF379CC25AF37B5005563B6 /* GitHubSearch */ = {
			isa = PBXGroup;
			children = (
				1EF37A1B25AF4382005563B6 /* Models */,
				1EF37A1A25AF437A005563B6 /* Views */,
				1EF37A1925AF4375005563B6 /* Controllers */,
				1EF37A1D25AF43F9005563B6 /* Extensions */,
				1EF37A1C25AF43A5005563B6 /* Supporting Files */,
				1EF379DB25AF37B7005563B6 /* Info.plist */,
			);
			path = GitHubSearch;
			sourceTree = "<group>";
		};
		1EF379E325AF37B7005563B6 /* GitHubSearchTests */ = {
			isa = PBXGroup;
			children = (
				1EF379E425AF37B7005563B6 /* GitHubSearchTests.swift */,
				1EF379E625AF37B7005563B6 /* Info.plist */,
			);
			path = GitHubSearchTests;
			sourceTree = "<group>";
		};
		1EF379EE25AF37B7005563B6 /* GitHubSearchUITests */ = {
			isa = PBXGroup;
			children = (
				1EF379EF25AF37B7005563B6 /* GitHubSearchUITests.swift */,
				1EF379F125AF37B7005563B6 /* Info.plist */,
			);
			path = GitHubSearchUITests;
			sourceTree = "<group>";
		};
		1EF37A1925AF4375005563B6 /* Controllers */ = {
			isa = PBXGroup;
			children = (
				1EF379D125AF37B5005563B6 /* SearchViewController.swift */,
				1E81D6A825AF998400E15E31 /* SearchResultsViewController.swift */,
				1E81D6EE25B0B65B00E15E31 /* UserDetailViewController.swift */,
			);
			path = Controllers;
			sourceTree = "<group>";
		};
		1EF37A1A25AF437A005563B6 /* Views */ = {
			isa = PBXGroup;
			children = (
				1E81D68B25AF4F9D00E15E31 /* SearchView.swift */,
				1E81D69D25AF5DA100E15E31 /* GSSearchButton.swift */,
				1E81D69825AF5BB700E15E31 /* GSTextField.swift */,
				1E81D6C225B0678000E15E31 /* UserCellConfiguration.swift */,
				1E78660425B4762000279898 /* EmptyResultsView.swift */,
				1E78661925B70E6D00279898 /* UserDetailView.swift */,
				1E78662F25B9808D00279898 /* InformationView.swift */,
				1E78665B25BAF8A600279898 /* RepositoryCellConfiguration.swift */,
			);
			path = Views;
			sourceTree = "<group>";
		};
		1EF37A1B25AF4382005563B6 /* Models */ = {
			isa = PBXGroup;
			children = (
				1E81D6BA25B0611400E15E31 /* User.swift */,
				1E78662A25B7837A00279898 /* Repository.swift */,
			);
			path = Models;
			sourceTree = "<group>";
		};
		1EF37A1C25AF43A5005563B6 /* Supporting Files */ = {
			isa = PBXGroup;
			children = (
				1EF379CD25AF37B5005563B6 /* AppDelegate.swift */,
				1EF379CF25AF37B5005563B6 /* SceneDelegate.swift */,
				1EF379D825AF37B7005563B6 /* LaunchScreen.storyboard */,
				1E81D70025B19B7100E15E31 /* DataLoader.swift */,
				1E78660925B4A16500279898 /* ImageCache.swift */,
				1EF37A0325AF3DF1005563B6 /* Coordinator.swift */,
				1EF37A0B25AF4309005563B6 /* MainCoordinator.swift */,
				1E78663E25B9BEA400279898 /* SFSymbols.swift */,
				1EF379D625AF37B7005563B6 /* Assets.xcassets */,
			);
			path = "Supporting Files";
			sourceTree = "<group>";
		};
		1EF37A1D25AF43F9005563B6 /* Extensions */ = {
			isa = PBXGroup;
			children = (
				1E81D6E325B0B5E100E15E31 /* UIImage+RoundedImage.swift */,
				1E78663425B9A0A400279898 /* Int+AbbreviationValue.swift */,
				1E78663925B9A12E00279898 /* NSMutableAttributedString+Append.swift */,
				1E78668125BC888700279898 /* UIViewController+ActivityIndicator.swift */,
			);
			path = Extensions;
			sourceTree = "<group>";
		};
/* End PBXGroup section */

/* Begin PBXNativeTarget section */
		1EF379C925AF37B5005563B6 /* GitHubSearch */ = {
			isa = PBXNativeTarget;
			buildConfigurationList = 1EF379F425AF37B7005563B6 /* Build configuration list for PBXNativeTarget "GitHubSearch" */;
			buildPhases = (
				1EF379C625AF37B5005563B6 /* Sources */,
				1EF379C725AF37B5005563B6 /* Frameworks */,
				1EF379C825AF37B5005563B6 /* Resources */,
			);
			buildRules = (
			);
			dependencies = (
			);
			name = GitHubSearch;
			productName = GitHubSearch;
			productReference = 1EF379CA25AF37B5005563B6 /* GitHubSearch.app */;
			productType = "com.apple.product-type.application";
		};
		1EF379DF25AF37B7005563B6 /* GitHubSearchTests */ = {
			isa = PBXNativeTarget;
			buildConfigurationList = 1EF379F725AF37B7005563B6 /* Build configuration list for PBXNativeTarget "GitHubSearchTests" */;
			buildPhases = (
				1EF379DC25AF37B7005563B6 /* Sources */,
				1EF379DD25AF37B7005563B6 /* Frameworks */,
				1EF379DE25AF37B7005563B6 /* Resources */,
			);
			buildRules = (
			);
			dependencies = (
				1EF379E225AF37B7005563B6 /* PBXTargetDependency */,
			);
			name = GitHubSearchTests;
			productName = GitHubSearchTests;
			productReference = 1EF379E025AF37B7005563B6 /* GitHubSearchTests.xctest */;
			productType = "com.apple.product-type.bundle.unit-test";
		};
		1EF379EA25AF37B7005563B6 /* GitHubSearchUITests */ = {
			isa = PBXNativeTarget;
			buildConfigurationList = 1EF379FA25AF37B7005563B6 /* Build configuration list for PBXNativeTarget "GitHubSearchUITests" */;
			buildPhases = (
				1EF379E725AF37B7005563B6 /* Sources */,
				1EF379E825AF37B7005563B6 /* Frameworks */,
				1EF379E925AF37B7005563B6 /* Resources */,
			);
			buildRules = (
			);
			dependencies = (
				1EF379ED25AF37B7005563B6 /* PBXTargetDependency */,
			);
			name = GitHubSearchUITests;
			productName = GitHubSearchUITests;
			productReference = 1EF379EB25AF37B7005563B6 /* GitHubSearchUITests.xctest */;
			productType = "com.apple.product-type.bundle.ui-testing";
		};
/* End PBXNativeTarget section */

/* Begin PBXProject section */
		1EF379C225AF37B5005563B6 /* Project object */ = {
			isa = PBXProject;
			attributes = {
				LastSwiftUpdateCheck = 1230;
				LastUpgradeCheck = 1230;
				TargetAttributes = {
					1EF379C925AF37B5005563B6 = {
						CreatedOnToolsVersion = 12.3;
					};
					1EF379DF25AF37B7005563B6 = {
						CreatedOnToolsVersion = 12.3;
						TestTargetID = 1EF379C925AF37B5005563B6;
					};
					1EF379EA25AF37B7005563B6 = {
						CreatedOnToolsVersion = 12.3;
						TestTargetID = 1EF379C925AF37B5005563B6;
					};
				};
			};
			buildConfigurationList = 1EF379C525AF37B5005563B6 /* Build configuration list for PBXProject "GitHubSearch" */;
			compatibilityVersion = "Xcode 9.3";
			developmentRegion = en;
			hasScannedForEncodings = 0;
			knownRegions = (
				en,
				Base,
			);
			mainGroup = 1EF379C125AF37B5005563B6;
			productRefGroup = 1EF379CB25AF37B5005563B6 /* Products */;
			projectDirPath = "";
			projectRoot = "";
			targets = (
				1EF379C925AF37B5005563B6 /* GitHubSearch */,
				1EF379DF25AF37B7005563B6 /* GitHubSearchTests */,
				1EF379EA25AF37B7005563B6 /* GitHubSearchUITests */,
			);
		};
/* End PBXProject section */

/* Begin PBXResourcesBuildPhase section */
		1EF379C825AF37B5005563B6 /* Resources */ = {
			isa = PBXResourcesBuildPhase;
			buildActionMask = 2147483647;
			files = (
				1EF379DA25AF37B7005563B6 /* LaunchScreen.storyboard in Resources */,
				1EF379D725AF37B7005563B6 /* Assets.xcassets in Resources */,
			);
			runOnlyForDeploymentPostprocessing = 0;
		};
		1EF379DE25AF37B7005563B6 /* Resources */ = {
			isa = PBXResourcesBuildPhase;
			buildActionMask = 2147483647;
			files = (
			);
			runOnlyForDeploymentPostprocessing = 0;
		};
		1EF379E925AF37B7005563B6 /* Resources */ = {
			isa = PBXResourcesBuildPhase;
			buildActionMask = 2147483647;
			files = (
			);
			runOnlyForDeploymentPostprocessing = 0;
		};
/* End PBXResourcesBuildPhase section */

/* Begin PBXSourcesBuildPhase section */
		1EF379C625AF37B5005563B6 /* Sources */ = {
			isa = PBXSourcesBuildPhase;
			buildActionMask = 2147483647;
			files = (
				1E81D6BB25B0611400E15E31 /* User.swift in Sources */,
				1EF37A0425AF3DF1005563B6 /* Coordinator.swift in Sources */,
				1E78660A25B4A16500279898 /* ImageCache.swift in Sources */,
				1E78663525B9A0A400279898 /* Int+AbbreviationValue.swift in Sources */,
				1E81D6EF25B0B65B00E15E31 /* UserDetailViewController.swift in Sources */,
				1EF379D225AF37B5005563B6 /* SearchViewController.swift in Sources */,
				1EF37A0C25AF4309005563B6 /* MainCoordinator.swift in Sources */,
				1E78663A25B9A12E00279898 /* NSMutableAttributedString+Append.swift in Sources */,
				1E81D69E25AF5DA100E15E31 /* GSSearchButton.swift in Sources */,
				1EF379CE25AF37B5005563B6 /* AppDelegate.swift in Sources */,
				1E81D68C25AF4F9D00E15E31 /* SearchView.swift in Sources */,
				1E81D69925AF5BB700E15E31 /* GSTextField.swift in Sources */,
				1E81D6C325B0678000E15E31 /* UserCellConfiguration.swift in Sources */,
				1E78661A25B70E6D00279898 /* UserDetailView.swift in Sources */,
				1E78663F25B9BEA400279898 /* SFSymbols.swift in Sources */,
				1E81D70125B19B7100E15E31 /* DataLoader.swift in Sources */,
				1E81D6E425B0B5E100E15E31 /* UIImage+RoundedImage.swift in Sources */,
				1E78665C25BAF8A600279898 /* RepositoryCellConfiguration.swift in Sources */,
				1E81D6A925AF998400E15E31 /* SearchResultsViewController.swift in Sources */,
				1E78660525B4762000279898 /* EmptyResultsView.swift in Sources */,
				1EF379D025AF37B5005563B6 /* SceneDelegate.swift in Sources */,
				1E78668225BC888700279898 /* UIViewController+ActivityIndicator.swift in Sources */,
				1E78663025B9808D00279898 /* InformationView.swift in Sources */,
				1E78662B25B7837A00279898 /* Repository.swift in Sources */,
			);
			runOnlyForDeploymentPostprocessing = 0;
		};
		1EF379DC25AF37B7005563B6 /* Sources */ = {
			isa = PBXSourcesBuildPhase;
			buildActionMask = 2147483647;
			files = (
				1EF379E525AF37B7005563B6 /* GitHubSearchTests.swift in Sources */,
			);
			runOnlyForDeploymentPostprocessing = 0;
		};
		1EF379E725AF37B7005563B6 /* Sources */ = {
			isa = PBXSourcesBuildPhase;
			buildActionMask = 2147483647;
			files = (
				1EF379F025AF37B7005563B6 /* GitHubSearchUITests.swift in Sources */,
			);
			runOnlyForDeploymentPostprocessing = 0;
		};
/* End PBXSourcesBuildPhase section */

/* Begin PBXTargetDependency section */
		1EF379E225AF37B7005563B6 /* PBXTargetDependency */ = {
			isa = PBXTargetDependency;
			target = 1EF379C925AF37B5005563B6 /* GitHubSearch */;
			targetProxy = 1EF379E125AF37B7005563B6 /* PBXContainerItemProxy */;
		};
		1EF379ED25AF37B7005563B6 /* PBXTargetDependency */ = {
			isa = PBXTargetDependency;
			target = 1EF379C925AF37B5005563B6 /* GitHubSearch */;
			targetProxy = 1EF379EC25AF37B7005563B6 /* PBXContainerItemProxy */;
		};
/* End PBXTargetDependency section */

/* Begin PBXVariantGroup section */
		1EF379D825AF37B7005563B6 /* LaunchScreen.storyboard */ = {
			isa = PBXVariantGroup;
			children = (
				1EF379D925AF37B7005563B6 /* Base */,
			);
			name = LaunchScreen.storyboard;
			sourceTree = "<group>";
		};
/* End PBXVariantGroup section */

/* Begin XCBuildConfiguration section */
		1EF379F225AF37B7005563B6 /* Debug */ = {
			isa = XCBuildConfiguration;
			buildSettings = {
				ALWAYS_SEARCH_USER_PATHS = NO;
				CLANG_ANALYZER_NONNULL = YES;
				CLANG_ANALYZER_NUMBER_OBJECT_CONVERSION = YES_AGGRESSIVE;
				CLANG_CXX_LANGUAGE_STANDARD = "gnu++14";
				CLANG_CXX_LIBRARY = "libc++";
				CLANG_ENABLE_MODULES = YES;
				CLANG_ENABLE_OBJC_ARC = YES;
				CLANG_ENABLE_OBJC_WEAK = YES;
				CLANG_WARN_BLOCK_CAPTURE_AUTORELEASING = YES;
				CLANG_WARN_BOOL_CONVERSION = YES;
				CLANG_WARN_COMMA = YES;
				CLANG_WARN_CONSTANT_CONVERSION = YES;
				CLANG_WARN_DEPRECATED_OBJC_IMPLEMENTATIONS = YES;
				CLANG_WARN_DIRECT_OBJC_ISA_USAGE = YES_ERROR;
				CLANG_WARN_DOCUMENTATION_COMMENTS = YES;
				CLANG_WARN_EMPTY_BODY = YES;
				CLANG_WARN_ENUM_CONVERSION = YES;
				CLANG_WARN_INFINITE_RECURSION = YES;
				CLANG_WARN_INT_CONVERSION = YES;
				CLANG_WARN_NON_LITERAL_NULL_CONVERSION = YES;
				CLANG_WARN_OBJC_IMPLICIT_RETAIN_SELF = YES;
				CLANG_WARN_OBJC_LITERAL_CONVERSION = YES;
				CLANG_WARN_OBJC_ROOT_CLASS = YES_ERROR;
				CLANG_WARN_QUOTED_INCLUDE_IN_FRAMEWORK_HEADER = YES;
				CLANG_WARN_RANGE_LOOP_ANALYSIS = YES;
				CLANG_WARN_STRICT_PROTOTYPES = YES;
				CLANG_WARN_SUSPICIOUS_MOVE = YES;
				CLANG_WARN_UNGUARDED_AVAILABILITY = YES_AGGRESSIVE;
				CLANG_WARN_UNREACHABLE_CODE = YES;
				CLANG_WARN__DUPLICATE_METHOD_MATCH = YES;
				COPY_PHASE_STRIP = NO;
				DEBUG_INFORMATION_FORMAT = dwarf;
				ENABLE_STRICT_OBJC_MSGSEND = YES;
				ENABLE_TESTABILITY = YES;
				GCC_C_LANGUAGE_STANDARD = gnu11;
				GCC_DYNAMIC_NO_PIC = NO;
				GCC_NO_COMMON_BLOCKS = YES;
				GCC_OPTIMIZATION_LEVEL = 0;
				GCC_PREPROCESSOR_DEFINITIONS = (
					"DEBUG=1",
					"$(inherited)",
				);
				GCC_WARN_64_TO_32_BIT_CONVERSION = YES;
				GCC_WARN_ABOUT_RETURN_TYPE = YES_ERROR;
				GCC_WARN_UNDECLARED_SELECTOR = YES;
				GCC_WARN_UNINITIALIZED_AUTOS = YES_AGGRESSIVE;
				GCC_WARN_UNUSED_FUNCTION = YES;
				GCC_WARN_UNUSED_VARIABLE = YES;
				IPHONEOS_DEPLOYMENT_TARGET = 14.3;
				MTL_ENABLE_DEBUG_INFO = INCLUDE_SOURCE;
				MTL_FAST_MATH = YES;
				ONLY_ACTIVE_ARCH = YES;
				SDKROOT = iphoneos;
				SWIFT_ACTIVE_COMPILATION_CONDITIONS = DEBUG;
				SWIFT_OPTIMIZATION_LEVEL = "-Onone";
			};
			name = Debug;
		};
		1EF379F325AF37B7005563B6 /* Release */ = {
			isa = XCBuildConfiguration;
			buildSettings = {
				ALWAYS_SEARCH_USER_PATHS = NO;
				CLANG_ANALYZER_NONNULL = YES;
				CLANG_ANALYZER_NUMBER_OBJECT_CONVERSION = YES_AGGRESSIVE;
				CLANG_CXX_LANGUAGE_STANDARD = "gnu++14";
				CLANG_CXX_LIBRARY = "libc++";
				CLANG_ENABLE_MODULES = YES;
				CLANG_ENABLE_OBJC_ARC = YES;
				CLANG_ENABLE_OBJC_WEAK = YES;
				CLANG_WARN_BLOCK_CAPTURE_AUTORELEASING = YES;
				CLANG_WARN_BOOL_CONVERSION = YES;
				CLANG_WARN_COMMA = YES;
				CLANG_WARN_CONSTANT_CONVERSION = YES;
				CLANG_WARN_DEPRECATED_OBJC_IMPLEMENTATIONS = YES;
				CLANG_WARN_DIRECT_OBJC_ISA_USAGE = YES_ERROR;
				CLANG_WARN_DOCUMENTATION_COMMENTS = YES;
				CLANG_WARN_EMPTY_BODY = YES;
				CLANG_WARN_ENUM_CONVERSION = YES;
				CLANG_WARN_INFINITE_RECURSION = YES;
				CLANG_WARN_INT_CONVERSION = YES;
				CLANG_WARN_NON_LITERAL_NULL_CONVERSION = YES;
				CLANG_WARN_OBJC_IMPLICIT_RETAIN_SELF = YES;
				CLANG_WARN_OBJC_LITERAL_CONVERSION = YES;
				CLANG_WARN_OBJC_ROOT_CLASS = YES_ERROR;
				CLANG_WARN_QUOTED_INCLUDE_IN_FRAMEWORK_HEADER = YES;
				CLANG_WARN_RANGE_LOOP_ANALYSIS = YES;
				CLANG_WARN_STRICT_PROTOTYPES = YES;
				CLANG_WARN_SUSPICIOUS_MOVE = YES;
				CLANG_WARN_UNGUARDED_AVAILABILITY = YES_AGGRESSIVE;
				CLANG_WARN_UNREACHABLE_CODE = YES;
				CLANG_WARN__DUPLICATE_METHOD_MATCH = YES;
				COPY_PHASE_STRIP = NO;
				DEBUG_INFORMATION_FORMAT = "dwarf-with-dsym";
				ENABLE_NS_ASSERTIONS = NO;
				ENABLE_STRICT_OBJC_MSGSEND = YES;
				GCC_C_LANGUAGE_STANDARD = gnu11;
				GCC_NO_COMMON_BLOCKS = YES;
				GCC_WARN_64_TO_32_BIT_CONVERSION = YES;
				GCC_WARN_ABOUT_RETURN_TYPE = YES_ERROR;
				GCC_WARN_UNDECLARED_SELECTOR = YES;
				GCC_WARN_UNINITIALIZED_AUTOS = YES_AGGRESSIVE;
				GCC_WARN_UNUSED_FUNCTION = YES;
				GCC_WARN_UNUSED_VARIABLE = YES;
				IPHONEOS_DEPLOYMENT_TARGET = 14.3;
				MTL_ENABLE_DEBUG_INFO = NO;
				MTL_FAST_MATH = YES;
				SDKROOT = iphoneos;
				SWIFT_COMPILATION_MODE = wholemodule;
				SWIFT_OPTIMIZATION_LEVEL = "-O";
				VALIDATE_PRODUCT = YES;
			};
			name = Release;
		};
		1EF379F525AF37B7005563B6 /* Debug */ = {
			isa = XCBuildConfiguration;
			buildSettings = {
				ASSETCATALOG_COMPILER_APPICON_NAME = AppIcon;
				ASSETCATALOG_COMPILER_GLOBAL_ACCENT_COLOR_NAME = AccentColor;
				CODE_SIGN_STYLE = Automatic;
				DEVELOPMENT_TEAM = 7R6HKL95CT;
				INFOPLIST_FILE = GitHubSearch/Info.plist;
				LD_RUNPATH_SEARCH_PATHS = (
					"$(inherited)",
					"@executable_path/Frameworks",
				);
				PRODUCT_BUNDLE_IDENTIFIER = drankou.GitHubSearch;
				PRODUCT_NAME = "$(TARGET_NAME)";
				SWIFT_VERSION = 5.0;
				TARGETED_DEVICE_FAMILY = 1;
			};
			name = Debug;
		};
		1EF379F625AF37B7005563B6 /* Release */ = {
			isa = XCBuildConfiguration;
			buildSettings = {
				ASSETCATALOG_COMPILER_APPICON_NAME = AppIcon;
				ASSETCATALOG_COMPILER_GLOBAL_ACCENT_COLOR_NAME = AccentColor;
				CODE_SIGN_STYLE = Automatic;
				DEVELOPMENT_TEAM = 7R6HKL95CT;
				INFOPLIST_FILE = GitHubSearch/Info.plist;
				LD_RUNPATH_SEARCH_PATHS = (
					"$(inherited)",
					"@executable_path/Frameworks",
				);
				PRODUCT_BUNDLE_IDENTIFIER = drankou.GitHubSearch;
				PRODUCT_NAME = "$(TARGET_NAME)";
				SWIFT_VERSION = 5.0;
				TARGETED_DEVICE_FAMILY = 1;
			};
			name = Release;
		};
		1EF379F825AF37B7005563B6 /* Debug */ = {
			isa = XCBuildConfiguration;
			buildSettings = {
				ALWAYS_EMBED_SWIFT_STANDARD_LIBRARIES = YES;
				BUNDLE_LOADER = "$(TEST_HOST)";
				CODE_SIGN_STYLE = Automatic;
				DEVELOPMENT_TEAM = 7R6HKL95CT;
				INFOPLIST_FILE = GitHubSearchTests/Info.plist;
				IPHONEOS_DEPLOYMENT_TARGET = 14.3;
				LD_RUNPATH_SEARCH_PATHS = (
					"$(inherited)",
					"@executable_path/Frameworks",
					"@loader_path/Frameworks",
				);
				PRODUCT_BUNDLE_IDENTIFIER = drankou.GitHubSearchTests;
				PRODUCT_NAME = "$(TARGET_NAME)";
				SWIFT_VERSION = 5.0;
				TARGETED_DEVICE_FAMILY = "1,2";
				TEST_HOST = "$(BUILT_PRODUCTS_DIR)/GitHubSearch.app/GitHubSearch";
			};
			name = Debug;
		};
		1EF379F925AF37B7005563B6 /* Release */ = {
			isa = XCBuildConfiguration;
			buildSettings = {
				ALWAYS_EMBED_SWIFT_STANDARD_LIBRARIES = YES;
				BUNDLE_LOADER = "$(TEST_HOST)";
				CODE_SIGN_STYLE = Automatic;
				DEVELOPMENT_TEAM = 7R6HKL95CT;
				INFOPLIST_FILE = GitHubSearchTests/Info.plist;
				IPHONEOS_DEPLOYMENT_TARGET = 14.3;
				LD_RUNPATH_SEARCH_PATHS = (
					"$(inherited)",
					"@executable_path/Frameworks",
					"@loader_path/Frameworks",
				);
				PRODUCT_BUNDLE_IDENTIFIER = drankou.GitHubSearchTests;
				PRODUCT_NAME = "$(TARGET_NAME)";
				SWIFT_VERSION = 5.0;
				TARGETED_DEVICE_FAMILY = "1,2";
				TEST_HOST = "$(BUILT_PRODUCTS_DIR)/GitHubSearch.app/GitHubSearch";
			};
			name = Release;
		};
		1EF379FB25AF37B7005563B6 /* Debug */ = {
			isa = XCBuildConfiguration;
			buildSettings = {
				ALWAYS_EMBED_SWIFT_STANDARD_LIBRARIES = YES;
				CODE_SIGN_STYLE = Automatic;
				DEVELOPMENT_TEAM = 7R6HKL95CT;
				INFOPLIST_FILE = GitHubSearchUITests/Info.plist;
				LD_RUNPATH_SEARCH_PATHS = (
					"$(inherited)",
					"@executable_path/Frameworks",
					"@loader_path/Frameworks",
				);
				PRODUCT_BUNDLE_IDENTIFIER = drankou.GitHubSearchUITests;
				PRODUCT_NAME = "$(TARGET_NAME)";
				SWIFT_VERSION = 5.0;
				TARGETED_DEVICE_FAMILY = "1,2";
				TEST_TARGET_NAME = GitHubSearch;
			};
			name = Debug;
		};
		1EF379FC25AF37B7005563B6 /* Release */ = {
			isa = XCBuildConfiguration;
			buildSettings = {
				ALWAYS_EMBED_SWIFT_STANDARD_LIBRARIES = YES;
				CODE_SIGN_STYLE = Automatic;
				DEVELOPMENT_TEAM = 7R6HKL95CT;
				INFOPLIST_FILE = GitHubSearchUITests/Info.plist;
				LD_RUNPATH_SEARCH_PATHS = (
					"$(inherited)",
					"@executable_path/Frameworks",
					"@loader_path/Frameworks",
				);
				PRODUCT_BUNDLE_IDENTIFIER = drankou.GitHubSearchUITests;
				PRODUCT_NAME = "$(TARGET_NAME)";
				SWIFT_VERSION = 5.0;
				TARGETED_DEVICE_FAMILY = "1,2";
				TEST_TARGET_NAME = GitHubSearch;
			};
			name = Release;
		};
/* End XCBuildConfiguration section */

/* Begin XCConfigurationList section */
		1EF379C525AF37B5005563B6 /* Build configuration list for PBXProject "GitHubSearch" */ = {
			isa = XCConfigurationList;
			buildConfigurations = (
				1EF379F225AF37B7005563B6 /* Debug */,
				1EF379F325AF37B7005563B6 /* Release */,
			);
			defaultConfigurationIsVisible = 0;
			defaultConfigurationName = Release;
		};
		1EF379F425AF37B7005563B6 /* Build configuration list for PBXNativeTarget "GitHubSearch" */ = {
			isa = XCConfigurationList;
			buildConfigurations = (
				1EF379F525AF37B7005563B6 /* Debug */,
				1EF379F625AF37B7005563B6 /* Release */,
			);
			defaultConfigurationIsVisible = 0;
			defaultConfigurationName = Release;
		};
		1EF379F725AF37B7005563B6 /* Build configuration list for PBXNativeTarget "GitHubSearchTests" */ = {
			isa = XCConfigurationList;
			buildConfigurations = (
				1EF379F825AF37B7005563B6 /* Debug */,
				1EF379F925AF37B7005563B6 /* Release */,
			);
			defaultConfigurationIsVisible = 0;
			defaultConfigurationName = Release;
		};
		1EF379FA25AF37B7005563B6 /* Build configuration list for PBXNativeTarget "GitHubSearchUITests" */ = {
			isa = XCConfigurationList;
			buildConfigurations = (
				1EF379FB25AF37B7005563B6 /* Debug */,
				1EF379FC25AF37B7005563B6 /* Release */,
			);
			defaultConfigurationIsVisible = 0;
			defaultConfigurationName = Release;
		};
/* End XCConfigurationList section */
	};
	rootObject = 1EF379C225AF37B5005563B6 /* Project object */;
}
